// !$*UTF8*$!
{
	archiveVersion = 1;
	classes = {
	};
	objectVersion = 46;
	objects = {

/* Begin PBXBuildFile section */
		BE12D3241FC1DC0A009D774A /* main.c in Sources */ = {isa = PBXBuildFile; fileRef = BE12D3231FC1DC0A009D774A /* main.c */; };
		BE12D32B1FC1E2E7009D774A /* server.c in Sources */ = {isa = PBXBuildFile; fileRef = BE12D32A1FC1E2E7009D774A /* server.c */; };
		BE12D32D1FC1E91B009D774A /* clien.c in Sources */ = {isa = PBXBuildFile; fileRef = BE12D32C1FC1E91B009D774A /* clien.c */; };
/* End PBXBuildFile section */

/* Begin PBXCopyFilesBuildPhase section */
		BE12D31E1FC1DC0A009D774A /* CopyFiles */ = {
			isa = PBXCopyFilesBuildPhase;
			buildActionMask = 2147483647;
			dstPath = /usr/share/man/man1/;
			dstSubfolderSpec = 0;
			files = (
			);
			runOnlyForDeploymentPostprocessing = 1;
		};
/* End PBXCopyFilesBuildPhase section */

/* Begin PBXFileReference section */
		BE12D3201FC1DC0A009D774A /* SerialPorts */ = {isa = PBXFileReference; explicitFileType = "compiled.mach-o.executable"; includeInIndex = 0; path = SerialPorts; sourceTree = BUILT_PRODUCTS_DIR; };
		BE12D3231FC1DC0A009D774A /* main.c */ = {isa = PBXFileReference; lastKnownFileType = sourcecode.c.c; path = main.c; sourceTree = "<group>"; };
		BE12D32A1FC1E2E7009D774A /* server.c */ = {isa = PBXFileReference; fileEncoding = 4; lastKnownFileType = sourcecode.c.c; path = server.c; sourceTree = "<group>"; };
		BE12D32C1FC1E91B009D774A /* clien.c */ = {isa = PBXFileReference; fileEncoding = 4; lastKnownFileType = sourcecode.c.c; path = clien.c; sourceTree = "<group>"; };
/* End PBXFileReference section */

/* Begin PBXFrameworksBuildPhase section */
		BE12D31D1FC1DC0A009D774A /* Frameworks */ = {
			isa = PBXFrameworksBuildPhase;
			buildActionMask = 2147483647;
			files = (
			);
			runOnlyForDeploymentPostprocessing = 0;
		};
/* End PBXFrameworksBuildPhase section */

/* Begin PBXGroup section */
		BE12D3171FC1DC0A009D774A = {
			isa = PBXGroup;
			children = (
				BE12D32A1FC1E2E7009D774A /* server.c */,
				BE12D32C1FC1E91B009D774A /* clien.c */,
				BE12D3221FC1DC0A009D774A /* SerialPorts */,
				BE12D3211FC1DC0A009D774A /* Products */,
			);
			sourceTree = "<group>";
		};
		BE12D3211FC1DC0A009D774A /* Products */ = {
			isa = PBXGroup;
			children = (
				BE12D3201FC1DC0A009D774A /* SerialPorts */,
			);
			name = Products;
			sourceTree = "<group>";
		};
		BE12D3221FC1DC0A009D774A /* SerialPorts */ = {
			isa = PBXGroup;
			children = (
				BE12D3231FC1DC0A009D774A /* main.c */,
			);
			path = SerialPorts;
			sourceTree = "<group>";
		};
/* End PBXGroup section */

/* Begin PBXNativeTarget section */
		BE12D31F1FC1DC0A009D774A /* SerialPorts */ = {
			isa = PBXNativeTarget;
			buildConfigurationList = BE12D3271FC1DC0A009D774A /* Build configuration list for PBXNativeTarget "SerialPorts" */;
			buildPhases = (
				BE12D31C1FC1DC0A009D774A /* Sources */,
				BE12D31D1FC1DC0A009D774A /* Frameworks */,
				BE12D31E1FC1DC0A009D774A /* CopyFiles */,
			);
			buildRules = (
			);
			dependencies = (
			);
			name = SerialPorts;
			productName = SerialPorts;
			productReference = BE12D3201FC1DC0A009D774A /* SerialPorts */;
			productType = "com.apple.product-type.tool";
		};
/* End PBXNativeTarget section */

/* Begin PBXProject section */
		BE12D3181FC1DC0A009D774A /* Project object */ = {
			isa = PBXProject;
			attributes = {
				LastUpgradeCheck = 0830;
				ORGANIZATIONNAME = "Jep Xia";
				TargetAttributes = {
					BE12D31F1FC1DC0A009D774A = {
						CreatedOnToolsVersion = 8.3.3;
						DevelopmentTeam = 8TAEZXHB8K;
						ProvisioningStyle = Automatic;
					};
				};
			};
			buildConfigurationList = BE12D31B1FC1DC0A009D774A /* Build configuration list for PBXProject "SerialPorts" */;
			compatibilityVersion = "Xcode 3.2";
			developmentRegion = English;
			hasScannedForEncodings = 0;
			knownRegions = (
				en,
			);
			mainGroup = BE12D3171FC1DC0A009D774A;
			productRefGroup = BE12D3211FC1DC0A009D774A /* Products */;
			projectDirPath = "";
			projectRoot = "";
			targets = (
				BE12D31F1FC1DC0A009D774A /* SerialPorts */,
			);
		};
/* End PBXProject section */

/* Begin PBXSourcesBuildPhase section */
		BE12D31C1FC1DC0A009D774A /* Sources */ = {
			isa = PBXSourcesBuildPhase;
			buildActionMask = 2147483647;
			files = (
				BE12D32D1FC1E91B009D774A /* clien.c in Sources */,
				BE12D32B1FC1E2E7009D774A /* server.c in Sources */,
				BE12D3241FC1DC0A009D774A /* main.c in Sources */,
			);
			runOnlyForDeploymentPostprocessing = 0;
		};
/* End PBXSourcesBuildPhase section */

/* Begin XCBuildConfiguration section */
		BE12D3251FC1DC0A009D774A /* Debug */ = {
			isa = XCBuildConfiguration;
			buildSettings = {
				ALWAYS_SEARCH_USER_PATHS = NO;
				CLANG_ANALYZER_NONNULL = YES;
				CLANG_ANALYZER_NUMBER_OBJECT_CONVERSION = YES_AGGRESSIVE;
				CLANG_CXX_LANGUAGE_STANDARD = "gnu++0x";
				CLANG_CXX_LIBRARY = "libc++";
				CLANG_ENABLE_MODULES = YES;
				CLANG_ENABLE_OBJC_ARC = YES;
				CLANG_WARN_BOOL_CONVERSION = YES;
				CLANG_WARN_CONSTANT_CONVERSION = YES;
				CLANG_WARN_DIRECT_OBJC_ISA_USAGE = YES_ERROR;
				CLANG_WARN_DOCUMENTATION_COMMENTS = YES;
				CLANG_WARN_EMPTY_BODY = YES;
				CLANG_WARN_ENUM_CONVERSION = YES;
				CLANG_WARN_INFINITE_RECURSION = YES;
				CLANG_WARN_INT_CONVERSION = YES;
				CLANG_WARN_OBJC_ROOT_CLASS = YES_ERROR;
				CLANG_WARN_SUSPICIOUS_MOVE = YES;
				CLANG_WARN_UNREACHABLE_CODE = YES;
				CLANG_WARN__DUPLICATE_METHOD_MATCH = YES;
				CODE_SIGN_IDENTITY = "-";
				COPY_PHASE_STRIP = NO;
				DEBUG_INFORMATION_FORMAT = dwarf;
				ENABLE_STRICT_OBJC_MSGSEND = YES;
				ENABLE_TESTABILITY = YES;
				GCC_C_LANGUAGE_STANDARD = gnu99;
				GCC_DYNAMIC_NO_PIC = NO;
				GCC_NO_COMMON_BLOCKS = YES;
				GCC_OPTIMIZATION_LEVEL = 0;
				GCC_PREPROCESSOR_DEFINITIONS = (
					"DEBUG=1",
					"$(inherited)",
				);
				GCC_WARN_64_TO_32_BIT_CONVERSION = YES;
				GCC_WARN_ABOUT_RETURN_TYPE = YES_ERROR;
				GCC_WARN_UNDECLARED_SELECTOR = YES;
				GCC_WARN_UNINITIALIZED_AUTOS = YES_AGGRESSIVE;
				GCC_WARN_UNUSED_FUNCTION = YES;
				GCC_WARN_UNUSED_VARIABLE = YES;
				MACOSX_DEPLOYMENT_TARGET = 10.12;
				MTL_ENABLE_DEBUG_INFO = YES;
				ONLY_ACTIVE_ARCH = YES;
				SDKROOT = macosx;
			};
			name = Debug;
		};
		BE12D3261FC1DC0A009D774A /* Release */ = {
			isa = XCBuildConfiguration;
			buildSettings = {
				ALWAYS_SEARCH_USER_PATHS = NO;
				CLANG_ANALYZER_NONNULL = YES;
				CLANG_ANALYZER_NUMBER_OBJECT_CONVERSION = YES_AGGRESSIVE;
				CLANG_CXX_LANGUAGE_STANDARD = "gnu++0x";
				CLANG_CXX_LIBRARY = "libc++";
				CLANG_ENABLE_MODULES = YES;
				CLANG_ENABLE_OBJC_ARC = YES;
				CLANG_WARN_BOOL_CONVERSION = YES;
				CLANG_WARN_CONSTANT_CONVERSION = YES;
				CLANG_WARN_DIRECT_OBJC_ISA_USAGE = YES_ERROR;
				CLANG_WARN_DOCUMENTATION_COMMENTS = YES;
				CLANG_WARN_EMPTY_BODY = YES;
				CLANG_WARN_ENUM_CONVERSION = YES;
				CLANG_WARN_INFINITE_RECURSION = YES;
				CLANG_WARN_INT_CONVERSION = YES;
				CLANG_WARN_OBJC_ROOT_CLASS = YES_ERROR;
				CLANG_WARN_SUSPICIOUS_MOVE = YES;
				CLANG_WARN_UNREACHABLE_CODE = YES;
				CLANG_WARN__DUPLICATE_METHOD_MATCH = YES;
				CODE_SIGN_IDENTITY = "-";
				COPY_PHASE_STRIP = NO;
				DEBUG_INFORMATION_FORMAT = "dwarf-with-dsym";
				ENABLE_NS_ASSERTIONS = NO;
				ENABLE_STRICT_OBJC_MSGSEND = YES;
				GCC_C_LANGUAGE_STANDARD = gnu99;
				GCC_NO_COMMON_BLOCKS = YES;
				GCC_WARN_64_TO_32_BIT_CONVERSION = YES;
				GCC_WARN_ABOUT_RETURN_TYPE = YES_ERROR;
				GCC_WARN_UNDECLARED_SELECTOR = YES;
				GCC_WARN_UNINITIALIZED_AUTOS = YES_AGGRESSIVE;
				GCC_WARN_UNUSED_FUNCTION = YES;
				GCC_WARN_UNUSED_VARIABLE = YES;
				MACOSX_DEPLOYMENT_TARGET = 10.12;
				MTL_ENABLE_DEBUG_INFO = NO;
				SDKROOT = macosx;
			};
			name = Release;
		};
		BE12D3281FC1DC0A009D774A /* Debug */ = {
			isa = XCBuildConfiguration;
			buildSettings = {
				DEVELOPMENT_TEAM = 8TAEZXHB8K;
				PRODUCT_NAME = "$(TARGET_NAME)";
			};
			name = Debug;
		};
		BE12D3291FC1DC0A009D774A /* Release */ = {
			isa = XCBuildConfiguration;
			buildSettings = {
				DEVELOPMENT_TEAM = 8TAEZXHB8K;
				PRODUCT_NAME = "$(TARGET_NAME)";
			};
			name = Release;
		};
/* End XCBuildConfiguration section */

/* Begin XCConfigurationList section */
		BE12D31B1FC1DC0A009D774A /* Build configuration list for PBXProject "SerialPorts" */ = {
			isa = XCConfigurationList;
			buildConfigurations = (
				BE12D3251FC1DC0A009D774A /* Debug */,
				BE12D3261FC1DC0A009D774A /* Release */,
			);
			defaultConfigurationIsVisible = 0;
			defaultConfigurationName = Release;
		};
		BE12D3271FC1DC0A009D774A /* Build configuration list for PBXNativeTarget "SerialPorts" */ = {
			isa = XCConfigurationList;
			buildConfigurations = (
				BE12D3281FC1DC0A009D774A /* Debug */,
				BE12D3291FC1DC0A009D774A /* Release */,
			);
			defaultConfigurationIsVisible = 0;
		};
/* End XCConfigurationList section */
	};
	rootObject = BE12D3181FC1DC0A009D774A /* Project object */;
}
